
Microsoft Visual Studio Solution File, Format Version 12.00
# Visual Studio Version 17
VisualStudioVersion = 17.4.33122.133
MinimumVisualStudioVersion = 10.0.40219.1
Project("{FAE04EC0-301F-11D3-BF4B-00C04F79EFBC}") = "Chromotherapy", "Chromotherapy.csproj", "{B2C89E49-5E94-49EB-9232-5EBFB2D01045}"
EndProject
Global
	GlobalSection(SolutionConfigurationPlatforms) = preSolution
		Debug|Any CPU = Debug|Any CPU
		Release|Any CPU = Release|Any CPU
	EndGlobalSection
	GlobalSection(ProjectConfigurationPlatforms) = postSolution
		{B2C89E49-5E94-49EB-9232-5EBFB2D01045}.Debug|Any CPU.ActiveCfg = Debug|Any CPU
		{B2C89E49-5E94-49EB-9232-5EBFB2D01045}.Debug|Any CPU.Build.0 = Debug|Any CPU
		{B2C89E49-5E94-49EB-9232-5EBFB2D01045}.Release|Any CPU.ActiveCfg = Release|Any CPU
		{B2C89E49-5E94-49EB-9232-5EBFB2D01045}.Release|Any CPU.Build.0 = Release|Any CPU
	EndGlobalSection
	GlobalSection(SolutionProperties) = preSolution
		HideSolutionNode = FALSE
	EndGlobalSection
	GlobalSection(ExtensibilityGlobals) = postSolution
		SolutionGuid = {AEB8A559-1F12-4769-BFBD-18E31B685ED5}
	EndGlobalSection
EndGlobal
